# This file is automatically @generated by Cargo.
# It is not intended for manual editing.
version = 4

[[package]]
name = "asvgard"
version = "0.2.3"
source = "registry+https://github.com/rust-lang/crates.io-index"
checksum = "0cdf4590eec5a3d3e2fa39242f8f792c160231c2ab262d8341110c766714f023"
dependencies = [
 "titanf",
]

[[package]]
name = "cat"
version = "0.1.0"
dependencies = [
 "std",
]

[[package]]
name = "elfic"
version = "0.1.0"

[[package]]
name = "fps_test"
version = "0.1.0"
dependencies = [
 "inkui",
 "std",
]

[[package]]
name = "inkui"
version = "0.1.0"
dependencies = [
 "asvgard",
 "std",
 "titanf",
]

[[package]]
name = "kernel"
version = "0.1.0"
dependencies = [
 "elfic",
 "std",
]

[[package]]
name = "krake_libc"
version = "0.1.0"
dependencies = [
 "std",
]

[[package]]
name = "shell"
version = "0.1.0"
dependencies = [
 "std",
]

[[package]]
name = "std"
version = "0.1.0"

[[package]]
name = "sysmon"
version = "0.1.0"
dependencies = [
 "std",
]

[[package]]
name = "taskbar"
version = "0.1.0"
dependencies = [
 "inkui",
 "std",
 "titanf",
]

[[package]]
name = "term"
version = "0.1.0"
dependencies = [
 "inkui",
 "std",
]

[[package]]
name = "titanf"
version = "2.3.2"
source = "registry+https://github.com/rust-lang/crates.io-index"
checksum = "bba9755926057338db3485efbb7f9fac7cc641107800ac8f839ab313b612e43a"

[[package]]
name = "tmap"
version = "0.1.0"
dependencies = [
 "std",
]

[[package]]
name = "userland"
version = "0.1.0"
dependencies = [
 "asvgard",
 "inkui",
 "std",
 "titanf",
]
